// !$*UTF8*$!
{
	archiveVersion = 1;
	classes = {
	};
	objectVersion = 56;
	objects = {

/* Begin PBXBuildFile section */
		E29BAC8E2AC9A66400D2DE5C /* VoitApp.swift in Sources */ = {isa = PBXBuildFile; fileRef = E29BAC8D2AC9A66400D2DE5C /* VoitApp.swift */; };
		E29BAC942AC9A66600D2DE5C /* Assets.xcassets in Resources */ = {isa = PBXBuildFile; fileRef = E29BAC932AC9A66600D2DE5C /* Assets.xcassets */; };
		E29BAC972AC9A66600D2DE5C /* Preview Assets.xcassets in Resources */ = {isa = PBXBuildFile; fileRef = E29BAC962AC9A66600D2DE5C /* Preview Assets.xcassets */; };
		E29BACA12AC9A96700D2DE5C /* HomeView.swift in Sources */ = {isa = PBXBuildFile; fileRef = E29BACA02AC9A96700D2DE5C /* HomeView.swift */; };
		E29BACA32AC9BE6300D2DE5C /* Router.swift in Sources */ = {isa = PBXBuildFile; fileRef = E29BACA22AC9BE6300D2DE5C /* Router.swift */; };
		E29BACA52AC9BF3000D2DE5C /* SettingsView.swift in Sources */ = {isa = PBXBuildFile; fileRef = E29BACA42AC9BF3000D2DE5C /* SettingsView.swift */; };
		E29BACA72AC9C97900D2DE5C /* ProcessingQueueView.swift in Sources */ = {isa = PBXBuildFile; fileRef = E29BACA62AC9C97900D2DE5C /* ProcessingQueueView.swift */; };
		E29BACAD2AC9CA9400D2DE5C /* Recording.swift in Sources */ = {isa = PBXBuildFile; fileRef = E29BACAC2AC9CA9400D2DE5C /* Recording.swift */; };
		E2DC9B4F2AC9FE35008135E3 /* RecordingsListView.swift in Sources */ = {isa = PBXBuildFile; fileRef = E2DC9B4E2AC9FE35008135E3 /* RecordingsListView.swift */; };
		E2DC9B512ACA02C4008135E3 /* ProcessingQueue.swift in Sources */ = {isa = PBXBuildFile; fileRef = E2DC9B502ACA02C4008135E3 /* ProcessingQueue.swift */; };
		E2DC9B532ACA14A0008135E3 /* AddRecordingView.swift in Sources */ = {isa = PBXBuildFile; fileRef = E2DC9B522ACA14A0008135E3 /* AddRecordingView.swift */; };
/* End PBXBuildFile section */

/* Begin PBXFileReference section */
		E29BAC8A2AC9A66400D2DE5C /* Voit.app */ = {isa = PBXFileReference; explicitFileType = wrapper.application; includeInIndex = 0; path = Voit.app; sourceTree = BUILT_PRODUCTS_DIR; };
		E29BAC8D2AC9A66400D2DE5C /* VoitApp.swift */ = {isa = PBXFileReference; lastKnownFileType = sourcecode.swift; path = VoitApp.swift; sourceTree = "<group>"; };
		E29BAC932AC9A66600D2DE5C /* Assets.xcassets */ = {isa = PBXFileReference; lastKnownFileType = folder.assetcatalog; path = Assets.xcassets; sourceTree = "<group>"; };
		E29BAC962AC9A66600D2DE5C /* Preview Assets.xcassets */ = {isa = PBXFileReference; lastKnownFileType = folder.assetcatalog; path = "Preview Assets.xcassets"; sourceTree = "<group>"; };
		E29BAC982AC9A66600D2DE5C /* Voit.entitlements */ = {isa = PBXFileReference; lastKnownFileType = text.plist.entitlements; path = Voit.entitlements; sourceTree = "<group>"; };
		E29BAC992AC9A66600D2DE5C /* Info.plist */ = {isa = PBXFileReference; lastKnownFileType = text.plist.xml; path = Info.plist; sourceTree = "<group>"; };
		E29BACA02AC9A96700D2DE5C /* HomeView.swift */ = {isa = PBXFileReference; lastKnownFileType = sourcecode.swift; path = HomeView.swift; sourceTree = "<group>"; };
		E29BACA22AC9BE6300D2DE5C /* Router.swift */ = {isa = PBXFileReference; lastKnownFileType = sourcecode.swift; path = Router.swift; sourceTree = "<group>"; };
		E29BACA42AC9BF3000D2DE5C /* SettingsView.swift */ = {isa = PBXFileReference; lastKnownFileType = sourcecode.swift; path = SettingsView.swift; sourceTree = "<group>"; };
		E29BACA62AC9C97900D2DE5C /* ProcessingQueueView.swift */ = {isa = PBXFileReference; lastKnownFileType = sourcecode.swift; path = ProcessingQueueView.swift; sourceTree = "<group>"; };
		E29BACAC2AC9CA9400D2DE5C /* Recording.swift */ = {isa = PBXFileReference; lastKnownFileType = sourcecode.swift; path = Recording.swift; sourceTree = "<group>"; };
		E2DC9B4E2AC9FE35008135E3 /* RecordingsListView.swift */ = {isa = PBXFileReference; lastKnownFileType = sourcecode.swift; path = RecordingsListView.swift; sourceTree = "<group>"; };
		E2DC9B502ACA02C4008135E3 /* ProcessingQueue.swift */ = {isa = PBXFileReference; lastKnownFileType = sourcecode.swift; path = ProcessingQueue.swift; sourceTree = "<group>"; };
		E2DC9B522ACA14A0008135E3 /* AddRecordingView.swift */ = {isa = PBXFileReference; lastKnownFileType = sourcecode.swift; path = AddRecordingView.swift; sourceTree = "<group>"; };
/* End PBXFileReference section */

/* Begin PBXFrameworksBuildPhase section */
		E29BAC872AC9A66400D2DE5C /* Frameworks */ = {
			isa = PBXFrameworksBuildPhase;
			buildActionMask = 2147483647;
			files = (
			);
			runOnlyForDeploymentPostprocessing = 0;
		};
/* End PBXFrameworksBuildPhase section */

/* Begin PBXGroup section */
		E29BAC812AC9A66400D2DE5C = {
			isa = PBXGroup;
			children = (
				E29BAC8C2AC9A66400D2DE5C /* Voit */,
				E29BAC8B2AC9A66400D2DE5C /* Products */,
			);
			sourceTree = "<group>";
		};
		E29BAC8B2AC9A66400D2DE5C /* Products */ = {
			isa = PBXGroup;
			children = (
				E29BAC8A2AC9A66400D2DE5C /* Voit.app */,
			);
			name = Products;
			sourceTree = "<group>";
		};
		E29BAC8C2AC9A66400D2DE5C /* Voit */ = {
			isa = PBXGroup;
			children = (
				E29BACA82AC9CA5600D2DE5C /* Models */,
				E29BAC9F2AC9A91A00D2DE5C /* Views */,
				E29BAC8D2AC9A66400D2DE5C /* VoitApp.swift */,
				E29BACA22AC9BE6300D2DE5C /* Router.swift */,
				E29BAC932AC9A66600D2DE5C /* Assets.xcassets */,
				E29BAC982AC9A66600D2DE5C /* Voit.entitlements */,
				E29BAC992AC9A66600D2DE5C /* Info.plist */,
				E29BAC952AC9A66600D2DE5C /* Preview Content */,
			);
			path = Voit;
			sourceTree = "<group>";
		};
		E29BAC952AC9A66600D2DE5C /* Preview Content */ = {
			isa = PBXGroup;
			children = (
				E29BAC962AC9A66600D2DE5C /* Preview Assets.xcassets */,
			);
			path = "Preview Content";
			sourceTree = "<group>";
		};
		E29BAC9F2AC9A91A00D2DE5C /* Views */ = {
			isa = PBXGroup;
			children = (
				E2DC9B552ACB95B3008135E3 /* Settings */,
				E2DC9B542ACB9599008135E3 /* Home */,
			);
			path = Views;
			sourceTree = "<group>";
		};
		E29BACA82AC9CA5600D2DE5C /* Models */ = {
			isa = PBXGroup;
			children = (
				E29BACAC2AC9CA9400D2DE5C /* Recording.swift */,
				E2DC9B502ACA02C4008135E3 /* ProcessingQueue.swift */,
			);
			path = Models;
			sourceTree = "<group>";
		};
		E2DC9B542ACB9599008135E3 /* Home */ = {
			isa = PBXGroup;
			children = (
				E29BACA02AC9A96700D2DE5C /* HomeView.swift */,
				E29BACA62AC9C97900D2DE5C /* ProcessingQueueView.swift */,
				E2DC9B522ACA14A0008135E3 /* AddRecordingView.swift */,
				E2DC9B4E2AC9FE35008135E3 /* RecordingsListView.swift */,
			);
			path = Home;
			sourceTree = "<group>";
		};
		E2DC9B552ACB95B3008135E3 /* Settings */ = {
			isa = PBXGroup;
			children = (
				E29BACA42AC9BF3000D2DE5C /* SettingsView.swift */,
			);
			path = Settings;
			sourceTree = "<group>";
		};
/* End PBXGroup section */

/* Begin PBXNativeTarget section */
		E29BAC892AC9A66400D2DE5C /* Voit */ = {
			isa = PBXNativeTarget;
			buildConfigurationList = E29BAC9C2AC9A66600D2DE5C /* Build configuration list for PBXNativeTarget "Voit" */;
			buildPhases = (
				E29BAC862AC9A66400D2DE5C /* Sources */,
				E29BAC872AC9A66400D2DE5C /* Frameworks */,
				E29BAC882AC9A66400D2DE5C /* Resources */,
			);
			buildRules = (
			);
			dependencies = (
			);
			name = Voit;
			productName = Voit;
			productReference = E29BAC8A2AC9A66400D2DE5C /* Voit.app */;
			productType = "com.apple.product-type.application";
		};
/* End PBXNativeTarget section */

/* Begin PBXProject section */
		E29BAC822AC9A66400D2DE5C /* Project object */ = {
			isa = PBXProject;
			attributes = {
				BuildIndependentTargetsInParallel = 1;
				LastSwiftUpdateCheck = 1500;
				LastUpgradeCheck = 1500;
				TargetAttributes = {
					E29BAC892AC9A66400D2DE5C = {
						CreatedOnToolsVersion = 15.0;
					};
				};
			};
			buildConfigurationList = E29BAC852AC9A66400D2DE5C /* Build configuration list for PBXProject "Voit" */;
			compatibilityVersion = "Xcode 14.0";
			developmentRegion = en;
			hasScannedForEncodings = 0;
			knownRegions = (
				en,
				Base,
			);
			mainGroup = E29BAC812AC9A66400D2DE5C;
			productRefGroup = E29BAC8B2AC9A66400D2DE5C /* Products */;
			projectDirPath = "";
			projectRoot = "";
			targets = (
				E29BAC892AC9A66400D2DE5C /* Voit */,
			);
		};
/* End PBXProject section */

/* Begin PBXResourcesBuildPhase section */
		E29BAC882AC9A66400D2DE5C /* Resources */ = {
			isa = PBXResourcesBuildPhase;
			buildActionMask = 2147483647;
			files = (
				E29BAC972AC9A66600D2DE5C /* Preview Assets.xcassets in Resources */,
				E29BAC942AC9A66600D2DE5C /* Assets.xcassets in Resources */,
			);
			runOnlyForDeploymentPostprocessing = 0;
		};
/* End PBXResourcesBuildPhase section */

/* Begin PBXSourcesBuildPhase section */
		E29BAC862AC9A66400D2DE5C /* Sources */ = {
			isa = PBXSourcesBuildPhase;
			buildActionMask = 2147483647;
			files = (
				E29BACA52AC9BF3000D2DE5C /* SettingsView.swift in Sources */,
				E29BACA32AC9BE6300D2DE5C /* Router.swift in Sources */,
				E2DC9B512ACA02C4008135E3 /* ProcessingQueue.swift in Sources */,
				E29BACA12AC9A96700D2DE5C /* HomeView.swift in Sources */,
				E29BAC8E2AC9A66400D2DE5C /* VoitApp.swift in Sources */,
				E29BACAD2AC9CA9400D2DE5C /* Recording.swift in Sources */,
				E2DC9B4F2AC9FE35008135E3 /* RecordingsListView.swift in Sources */,
				E2DC9B532ACA14A0008135E3 /* AddRecordingView.swift in Sources */,
				E29BACA72AC9C97900D2DE5C /* ProcessingQueueView.swift in Sources */,
			);
			runOnlyForDeploymentPostprocessing = 0;
		};
/* End PBXSourcesBuildPhase section */

/* Begin XCBuildConfiguration section */
		E29BAC9A2AC9A66600D2DE5C /* Debug */ = {
			isa = XCBuildConfiguration;
			buildSettings = {
				ALWAYS_SEARCH_USER_PATHS = NO;
				ASSETCATALOG_COMPILER_GENERATE_SWIFT_ASSET_SYMBOL_EXTENSIONS = YES;
				CLANG_ANALYZER_NONNULL = YES;
				CLANG_ANALYZER_NUMBER_OBJECT_CONVERSION = YES_AGGRESSIVE;
				CLANG_CXX_LANGUAGE_STANDARD = "gnu++20";
				CLANG_ENABLE_MODULES = YES;
				CLANG_ENABLE_OBJC_ARC = YES;
				CLANG_ENABLE_OBJC_WEAK = YES;
				CLANG_WARN_BLOCK_CAPTURE_AUTORELEASING = YES;
				CLANG_WARN_BOOL_CONVERSION = YES;
				CLANG_WARN_COMMA = YES;
				CLANG_WARN_CONSTANT_CONVERSION = YES;
				CLANG_WARN_DEPRECATED_OBJC_IMPLEMENTATIONS = YES;
				CLANG_WARN_DIRECT_OBJC_ISA_USAGE = YES_ERROR;
				CLANG_WARN_DOCUMENTATION_COMMENTS = YES;
				CLANG_WARN_EMPTY_BODY = YES;
				CLANG_WARN_ENUM_CONVERSION = YES;
				CLANG_WARN_INFINITE_RECURSION = YES;
				CLANG_WARN_INT_CONVERSION = YES;
				CLANG_WARN_NON_LITERAL_NULL_CONVERSION = YES;
				CLANG_WARN_OBJC_IMPLICIT_RETAIN_SELF = YES;
				CLANG_WARN_OBJC_LITERAL_CONVERSION = YES;
				CLANG_WARN_OBJC_ROOT_CLASS = YES_ERROR;
				CLANG_WARN_QUOTED_INCLUDE_IN_FRAMEWORK_HEADER = YES;
				CLANG_WARN_RANGE_LOOP_ANALYSIS = YES;
				CLANG_WARN_STRICT_PROTOTYPES = YES;
				CLANG_WARN_SUSPICIOUS_MOVE = YES;
				CLANG_WARN_UNGUARDED_AVAILABILITY = YES_AGGRESSIVE;
				CLANG_WARN_UNREACHABLE_CODE = YES;
				CLANG_WARN__DUPLICATE_METHOD_MATCH = YES;
				COPY_PHASE_STRIP = NO;
				DEBUG_INFORMATION_FORMAT = dwarf;
				ENABLE_STRICT_OBJC_MSGSEND = YES;
				ENABLE_TESTABILITY = YES;
				ENABLE_USER_SCRIPT_SANDBOXING = YES;
				GCC_C_LANGUAGE_STANDARD = gnu17;
				GCC_DYNAMIC_NO_PIC = NO;
				GCC_NO_COMMON_BLOCKS = YES;
				GCC_OPTIMIZATION_LEVEL = 0;
				GCC_PREPROCESSOR_DEFINITIONS = (
					"DEBUG=1",
					"$(inherited)",
				);
				GCC_WARN_64_TO_32_BIT_CONVERSION = YES;
				GCC_WARN_ABOUT_RETURN_TYPE = YES_ERROR;
				GCC_WARN_UNDECLARED_SELECTOR = YES;
				GCC_WARN_UNINITIALIZED_AUTOS = YES_AGGRESSIVE;
				GCC_WARN_UNUSED_FUNCTION = YES;
				GCC_WARN_UNUSED_VARIABLE = YES;
				IPHONEOS_DEPLOYMENT_TARGET = 17.0;
				LOCALIZATION_PREFERS_STRING_CATALOGS = YES;
				MTL_ENABLE_DEBUG_INFO = INCLUDE_SOURCE;
				MTL_FAST_MATH = YES;
				ONLY_ACTIVE_ARCH = YES;
				SDKROOT = iphoneos;
				SWIFT_ACTIVE_COMPILATION_CONDITIONS = "DEBUG $(inherited)";
				SWIFT_OPTIMIZATION_LEVEL = "-Onone";
			};
			name = Debug;
		};
		E29BAC9B2AC9A66600D2DE5C /* Release */ = {
			isa = XCBuildConfiguration;
			buildSettings = {
				ALWAYS_SEARCH_USER_PATHS = NO;
				ASSETCATALOG_COMPILER_GENERATE_SWIFT_ASSET_SYMBOL_EXTENSIONS = YES;
				CLANG_ANALYZER_NONNULL = YES;
				CLANG_ANALYZER_NUMBER_OBJECT_CONVERSION = YES_AGGRESSIVE;
				CLANG_CXX_LANGUAGE_STANDARD = "gnu++20";
				CLANG_ENABLE_MODULES = YES;
				CLANG_ENABLE_OBJC_ARC = YES;
				CLANG_ENABLE_OBJC_WEAK = YES;
				CLANG_WARN_BLOCK_CAPTURE_AUTORELEASING = YES;
				CLANG_WARN_BOOL_CONVERSION = YES;
				CLANG_WARN_COMMA = YES;
				CLANG_WARN_CONSTANT_CONVERSION = YES;
				CLANG_WARN_DEPRECATED_OBJC_IMPLEMENTATIONS = YES;
				CLANG_WARN_DIRECT_OBJC_ISA_USAGE = YES_ERROR;
				CLANG_WARN_DOCUMENTATION_COMMENTS = YES;
				CLANG_WARN_EMPTY_BODY = YES;
				CLANG_WARN_ENUM_CONVERSION = YES;
				CLANG_WARN_INFINITE_RECURSION = YES;
				CLANG_WARN_INT_CONVERSION = YES;
				CLANG_WARN_NON_LITERAL_NULL_CONVERSION = YES;
				CLANG_WARN_OBJC_IMPLICIT_RETAIN_SELF = YES;
				CLANG_WARN_OBJC_LITERAL_CONVERSION = YES;
				CLANG_WARN_OBJC_ROOT_CLASS = YES_ERROR;
				CLANG_WARN_QUOTED_INCLUDE_IN_FRAMEWORK_HEADER = YES;
				CLANG_WARN_RANGE_LOOP_ANALYSIS = YES;
				CLANG_WARN_STRICT_PROTOTYPES = YES;
				CLANG_WARN_SUSPICIOUS_MOVE = YES;
				CLANG_WARN_UNGUARDED_AVAILABILITY = YES_AGGRESSIVE;
				CLANG_WARN_UNREACHABLE_CODE = YES;
				CLANG_WARN__DUPLICATE_METHOD_MATCH = YES;
				COPY_PHASE_STRIP = NO;
				DEBUG_INFORMATION_FORMAT = "dwarf-with-dsym";
				ENABLE_NS_ASSERTIONS = NO;
				ENABLE_STRICT_OBJC_MSGSEND = YES;
				ENABLE_USER_SCRIPT_SANDBOXING = YES;
				GCC_C_LANGUAGE_STANDARD = gnu17;
				GCC_NO_COMMON_BLOCKS = YES;
				GCC_WARN_64_TO_32_BIT_CONVERSION = YES;
				GCC_WARN_ABOUT_RETURN_TYPE = YES_ERROR;
				GCC_WARN_UNDECLARED_SELECTOR = YES;
				GCC_WARN_UNINITIALIZED_AUTOS = YES_AGGRESSIVE;
				GCC_WARN_UNUSED_FUNCTION = YES;
				GCC_WARN_UNUSED_VARIABLE = YES;
				IPHONEOS_DEPLOYMENT_TARGET = 17.0;
				LOCALIZATION_PREFERS_STRING_CATALOGS = YES;
				MTL_ENABLE_DEBUG_INFO = NO;
				MTL_FAST_MATH = YES;
				SDKROOT = iphoneos;
				SWIFT_COMPILATION_MODE = wholemodule;
				VALIDATE_PRODUCT = YES;
			};
			name = Release;
		};
		E29BAC9D2AC9A66600D2DE5C /* Debug */ = {
			isa = XCBuildConfiguration;
			buildSettings = {
				ASSETCATALOG_COMPILER_APPICON_NAME = AppIcon;
				ASSETCATALOG_COMPILER_GLOBAL_ACCENT_COLOR_NAME = AccentColor;
				CODE_SIGN_ENTITLEMENTS = Voit/Voit.entitlements;
				CODE_SIGN_STYLE = Automatic;
				CURRENT_PROJECT_VERSION = 1;
				DEVELOPMENT_ASSET_PATHS = "\"Voit/Preview Content\"";
				DEVELOPMENT_TEAM = Q37WBU54YU;
				ENABLE_PREVIEWS = YES;
				GENERATE_INFOPLIST_FILE = YES;
				INFOPLIST_FILE = Voit/Info.plist;
				INFOPLIST_KEY_UIApplicationSceneManifest_Generation = YES;
				INFOPLIST_KEY_UIApplicationSupportsIndirectInputEvents = YES;
				INFOPLIST_KEY_UILaunchScreen_Generation = YES;
				INFOPLIST_KEY_UISupportedInterfaceOrientations_iPad = "UIInterfaceOrientationPortrait UIInterfaceOrientationPortraitUpsideDown UIInterfaceOrientationLandscapeLeft UIInterfaceOrientationLandscapeRight";
				INFOPLIST_KEY_UISupportedInterfaceOrientations_iPhone = "UIInterfaceOrientationPortrait UIInterfaceOrientationLandscapeLeft UIInterfaceOrientationLandscapeRight";
				LD_RUNPATH_SEARCH_PATHS = (
					"$(inherited)",
					"@executable_path/Frameworks",
				);
				MARKETING_VERSION = 1.0;
				PRODUCT_BUNDLE_IDENTIFIER = wyte.space.Voit;
				PRODUCT_NAME = "$(TARGET_NAME)";
				SWIFT_EMIT_LOC_STRINGS = YES;
				SWIFT_VERSION = 5.0;
				TARGETED_DEVICE_FAMILY = "1,2";
			};
			name = Debug;
		};
		E29BAC9E2AC9A66600D2DE5C /* Release */ = {
			isa = XCBuildConfiguration;
			buildSettings = {
				ASSETCATALOG_COMPILER_APPICON_NAME = AppIcon;
				ASSETCATALOG_COMPILER_GLOBAL_ACCENT_COLOR_NAME = AccentColor;
				CODE_SIGN_ENTITLEMENTS = Voit/Voit.entitlements;
				CODE_SIGN_STYLE = Automatic;
				CURRENT_PROJECT_VERSION = 1;
				DEVELOPMENT_ASSET_PATHS = "\"Voit/Preview Content\"";
				DEVELOPMENT_TEAM = Q37WBU54YU;
				ENABLE_PREVIEWS = YES;
				GENERATE_INFOPLIST_FILE = YES;
				INFOPLIST_FILE = Voit/Info.plist;
				INFOPLIST_KEY_UIApplicationSceneManifest_Generation = YES;
				INFOPLIST_KEY_UIApplicationSupportsIndirectInputEvents = YES;
				INFOPLIST_KEY_UILaunchScreen_Generation = YES;
				INFOPLIST_KEY_UISupportedInterfaceOrientations_iPad = "UIInterfaceOrientationPortrait UIInterfaceOrientationPortraitUpsideDown UIInterfaceOrientationLandscapeLeft UIInterfaceOrientationLandscapeRight";
				INFOPLIST_KEY_UISupportedInterfaceOrientations_iPhone = "UIInterfaceOrientationPortrait UIInterfaceOrientationLandscapeLeft UIInterfaceOrientationLandscapeRight";
				LD_RUNPATH_SEARCH_PATHS = (
					"$(inherited)",
					"@executable_path/Frameworks",
				);
				MARKETING_VERSION = 1.0;
				PRODUCT_BUNDLE_IDENTIFIER = wyte.space.Voit;
				PRODUCT_NAME = "$(TARGET_NAME)";
				SWIFT_EMIT_LOC_STRINGS = YES;
				SWIFT_VERSION = 5.0;
				TARGETED_DEVICE_FAMILY = "1,2";
			};
			name = Release;
		};
/* End XCBuildConfiguration section */

/* Begin XCConfigurationList section */
		E29BAC852AC9A66400D2DE5C /* Build configuration list for PBXProject "Voit" */ = {
			isa = XCConfigurationList;
			buildConfigurations = (
				E29BAC9A2AC9A66600D2DE5C /* Debug */,
				E29BAC9B2AC9A66600D2DE5C /* Release */,
			);
			defaultConfigurationIsVisible = 0;
			defaultConfigurationName = Release;
		};
		E29BAC9C2AC9A66600D2DE5C /* Build configuration list for PBXNativeTarget "Voit" */ = {
			isa = XCConfigurationList;
			buildConfigurations = (
				E29BAC9D2AC9A66600D2DE5C /* Debug */,
				E29BAC9E2AC9A66600D2DE5C /* Release */,
			);
			defaultConfigurationIsVisible = 0;
			defaultConfigurationName = Release;
		};
/* End XCConfigurationList section */
	};
	rootObject = E29BAC822AC9A66400D2DE5C /* Project object */;
}
